
Microsoft Visual Studio Solution File, Format Version 12.00
# Visual Studio Version 17
VisualStudioVersion = 17.7.34221.43
MinimumVisualStudioVersion = 10.0.40219.1
Project("{FAE04EC0-301F-11D3-BF4B-00C04F79EFBC}") = "SerializationTask", "SerializationTask\SerializationTask.csproj", "{62DA36F6-6549-43C2-94F3-4DDD0A4D1090}"
EndProject
Global
	GlobalSection(SolutionConfigurationPlatforms) = preSolution
		Debug|Any CPU = Debug|Any CPU
		Release|Any CPU = Release|Any CPU
	EndGlobalSection
	GlobalSection(ProjectConfigurationPlatforms) = postSolution
		{62DA36F6-6549-43C2-94F3-4DDD0A4D1090}.Debug|Any CPU.ActiveCfg = Debug|Any CPU
		{62DA36F6-6549-43C2-94F3-4DDD0A4D1090}.Debug|Any CPU.Build.0 = Debug|Any CPU
		{62DA36F6-6549-43C2-94F3-4DDD0A4D1090}.Release|Any CPU.ActiveCfg = Release|Any CPU
		{62DA36F6-6549-43C2-94F3-4DDD0A4D1090}.Release|Any CPU.Build.0 = Release|Any CPU
	EndGlobalSection
	GlobalSection(SolutionProperties) = preSolution
		HideSolutionNode = FALSE
	EndGlobalSection
	GlobalSection(ExtensibilityGlobals) = postSolution
		SolutionGuid = {E8360C29-45D2-4175-A17F-24D3B16C615B}
	EndGlobalSection
EndGlobal
